<?xml version="1.0" encoding="utf-8"?>
<Project ToolsVersion="4.0" xmlns="http://schemas.microsoft.com/developer/msbuild/2003">
  <ItemGroup>
    <Filter Include="源文件">
      <UniqueIdentifier>{4FC737F1-C7A5-4376-A066-2A32D752A2FF}</UniqueIdentifier>
      <Extensions>cpp;c;cc;cxx;c++;cppm;ixx;def;odl;idl;hpj;bat;asm;asmx</Extensions>
    </Filter>
    <Filter Include="头文件">
      <UniqueIdentifier>{93995380-89BD-4b04-88EB-625FBE52EBFB}</UniqueIdentifier>
      <Extensions>h;hh;hpp;hxx;h++;hm;inl;inc;ipp;xsd</Extensions>
    </Filter>
    <Filter Include="资源文件">
      <UniqueIdentifier>{67DA6AB6-F800-4c08-8B7A-83BB121AAD01}</UniqueIdentifier>
      <Extensions>rc;ico;cur;bmp;dlg;rc2;rct;bin;rgs;gif;jpg;jpeg;jpe;resx;tiff;tif;png;wav;mfcribbon-ms</Extensions>
    </Filter>
  </ItemGroup>
  <ItemGroup>
    <ClCompile Include="FastDTWX.cpp">
      <Filter>源文件</Filter>
    </ClCompile>
    <ClCompile Include="ColMajorCell.cpp">
      <Filter>源文件</Filter>
    </ClCompile>
    <ClCompile Include="FastDTW.cpp">
      <Filter>源文件</Filter>
    </ClCompile>
    <ClCompile Include="SearchWindow.cpp">
      <Filter>源文件</Filter>
    </ClCompile>
    <ClCompile Include="WarpPath.cpp">
      <Filter>源文件</Filter>
    </ClCompile>
  </ItemGroup>
  <ItemGroup>
    <None Include="README.md" />
    <None Include="LICENSE" />
  </ItemGroup>
  <ItemGroup>
    <ClInclude Include="BinaryDistance.h">
      <Filter>头文件</Filter>
    </ClInclude>
    <ClInclude Include="ColMajorCell.h">
      <Filter>头文件</Filter>
    </ClInclude>
    <ClInclude Include="CostMatrix.h">
      <Filter>头文件</Filter>
    </ClInclude>
    <ClInclude Include="DTW.h">
      <Filter>头文件</Filter>
    </ClInclude>
    <ClInclude Include="EuclideanDistance.h">
      <Filter>头文件</Filter>
    </ClInclude>
    <ClInclude Include="ExpandedResWindow.h">
      <Filter>头文件</Filter>
    </ClInclude>
    <ClInclude Include="FastDTW.h">
      <Filter>头文件</Filter>
    </ClInclude>
    <ClInclude Include="FDAssert.h">
      <Filter>头文件</Filter>
    </ClInclude>
    <ClInclude Include="FDMath.h">
      <Filter>头文件</Filter>
    </ClInclude>
    <ClInclude Include="Foundation.h">
      <Filter>头文件</Filter>
    </ClInclude>
    <ClInclude Include="FullWindow.h">
      <Filter>头文件</Filter>
    </ClInclude>
    <ClInclude Include="JavaTypes.h">
      <Filter>头文件</Filter>
    </ClInclude>
    <ClInclude Include="LinearWindow.h">
      <Filter>头文件</Filter>
    </ClInclude>
    <ClInclude Include="ManhattanDistance.h">
      <Filter>头文件</Filter>
    </ClInclude>
    <ClInclude Include="MemoryResidentMatrix.h">
      <Filter>头文件</Filter>
    </ClInclude>
    <ClInclude Include="PAA.h">
      <Filter>头文件</Filter>
    </ClInclude>
    <ClInclude Include="PartialWindowMatrix.h">
      <Filter>头文件</Filter>
    </ClInclude>
    <ClInclude Include="SearchWindow.h">
      <Filter>头文件</Filter>
    </ClInclude>
    <ClInclude Include="TimeSeries.h">
      <Filter>头文件</Filter>
    </ClInclude>
    <ClInclude Include="TimeSeriesPoint.h">
      <Filter>头文件</Filter>
    </ClInclude>
    <ClInclude Include="TimeWarpInfo.h">
      <Filter>头文件</Filter>
    </ClInclude>
    <ClInclude Include="WarpPath.h">
      <Filter>头文件</Filter>
    </ClInclude>
  </ItemGroup>
</Project>